
Microsoft Visual Studio Solution File, Format Version 12.00
# Visual Studio 15
VisualStudioVersion = 15.0.26430.15
MinimumVisualStudioVersion = 10.0.40219.1
Project("{FAE04EC0-301F-11D3-BF4B-00C04F79EFBC}") = "Threading", "Threading\Threading.csproj", "{E7EDB2E0-1384-45AB-8E62-97AE8F4B0F98}"
EndProject
Project("{FAE04EC0-301F-11D3-BF4B-00C04F79EFBC}") = "DZ (task1)", "DZ (task1)\DZ (task1).csproj", "{27895A1F-3428-4F8B-AC4F-3307F4AFEC82}"
EndProject
Global
	GlobalSection(SolutionConfigurationPlatforms) = preSolution
		Debug|Any CPU = Debug|Any CPU
		Release|Any CPU = Release|Any CPU
	EndGlobalSection
	GlobalSection(ProjectConfigurationPlatforms) = postSolution
		{E7EDB2E0-1384-45AB-8E62-97AE8F4B0F98}.Debug|Any CPU.ActiveCfg = Debug|Any CPU
		{E7EDB2E0-1384-45AB-8E62-97AE8F4B0F98}.Debug|Any CPU.Build.0 = Debug|Any CPU
		{E7EDB2E0-1384-45AB-8E62-97AE8F4B0F98}.Release|Any CPU.ActiveCfg = Release|Any CPU
		{E7EDB2E0-1384-45AB-8E62-97AE8F4B0F98}.Release|Any CPU.Build.0 = Release|Any CPU
		{27895A1F-3428-4F8B-AC4F-3307F4AFEC82}.Debug|Any CPU.ActiveCfg = Debug|Any CPU
		{27895A1F-3428-4F8B-AC4F-3307F4AFEC82}.Debug|Any CPU.Build.0 = Debug|Any CPU
		{27895A1F-3428-4F8B-AC4F-3307F4AFEC82}.Release|Any CPU.ActiveCfg = Release|Any CPU
		{27895A1F-3428-4F8B-AC4F-3307F4AFEC82}.Release|Any CPU.Build.0 = Release|Any CPU
	EndGlobalSection
	GlobalSection(SolutionProperties) = preSolution
		HideSolutionNode = FALSE
	EndGlobalSection
EndGlobal
